// !$*UTF8*$!
{
	archiveVersion = 1;
	classes = {
	};
	objectVersion = 46;
	objects = {

/* Begin PBXBuildFile section */
		AC2001411EFC5B330069C10C /* main.m in Sources */ = {isa = PBXBuildFile; fileRef = AC2001401EFC5B330069C10C /* main.m */; };
		AC2001441EFC5B330069C10C /* AppDelegate.m in Sources */ = {isa = PBXBuildFile; fileRef = AC2001431EFC5B330069C10C /* AppDelegate.m */; };
		AC2001471EFC5B330069C10C /* ViewController.m in Sources */ = {isa = PBXBuildFile; fileRef = AC2001461EFC5B330069C10C /* ViewController.m */; };
		AC20014A1EFC5B330069C10C /* Main.storyboard in Resources */ = {isa = PBXBuildFile; fileRef = AC2001481EFC5B330069C10C /* Main.storyboard */; };
		AC20014C1EFC5B330069C10C /* Assets.xcassets in Resources */ = {isa = PBXBuildFile; fileRef = AC20014B1EFC5B330069C10C /* Assets.xcassets */; };
		AC20014F1EFC5B330069C10C /* LaunchScreen.storyboard in Resources */ = {isa = PBXBuildFile; fileRef = AC20014D1EFC5B330069C10C /* LaunchScreen.storyboard */; };
		AC20015A1EFC5B330069C10C /* DestroyTheWorldxTests.m in Sources */ = {isa = PBXBuildFile; fileRef = AC2001591EFC5B330069C10C /* DestroyTheWorldxTests.m */; };
		AC2001651EFC5B330069C10C /* DestroyTheWorldxUITests.m in Sources */ = {isa = PBXBuildFile; fileRef = AC2001641EFC5B330069C10C /* DestroyTheWorldxUITests.m */; };
/* End PBXBuildFile section */

/* Begin PBXContainerItemProxy section */
		AC2001561EFC5B330069C10C /* PBXContainerItemProxy */ = {
			isa = PBXContainerItemProxy;
			containerPortal = AC2001341EFC5B330069C10C /* Project object */;
			proxyType = 1;
			remoteGlobalIDString = AC20013B1EFC5B330069C10C;
			remoteInfo = DestroyTheWorldx;
		};
		AC2001611EFC5B330069C10C /* PBXContainerItemProxy */ = {
			isa = PBXContainerItemProxy;
			containerPortal = AC2001341EFC5B330069C10C /* Project object */;
			proxyType = 1;
			remoteGlobalIDString = AC20013B1EFC5B330069C10C;
			remoteInfo = DestroyTheWorldx;
		};
/* End PBXContainerItemProxy section */

/* Begin PBXFileReference section */
		AC20013C1EFC5B330069C10C /* DestroyTheWorldx.app */ = {isa = PBXFileReference; explicitFileType = wrapper.application; includeInIndex = 0; path = DestroyTheWorldx.app; sourceTree = BUILT_PRODUCTS_DIR; };
		AC2001401EFC5B330069C10C /* main.m */ = {isa = PBXFileReference; lastKnownFileType = sourcecode.c.objc; path = main.m; sourceTree = "<group>"; };
		AC2001421EFC5B330069C10C /* AppDelegate.h */ = {isa = PBXFileReference; lastKnownFileType = sourcecode.c.h; path = AppDelegate.h; sourceTree = "<group>"; };
		AC2001431EFC5B330069C10C /* AppDelegate.m */ = {isa = PBXFileReference; lastKnownFileType = sourcecode.c.objc; path = AppDelegate.m; sourceTree = "<group>"; };
		AC2001451EFC5B330069C10C /* ViewController.h */ = {isa = PBXFileReference; lastKnownFileType = sourcecode.c.h; path = ViewController.h; sourceTree = "<group>"; };
		AC2001461EFC5B330069C10C /* ViewController.m */ = {isa = PBXFileReference; lastKnownFileType = sourcecode.c.objc; path = ViewController.m; sourceTree = "<group>"; };
		AC2001491EFC5B330069C10C /* Base */ = {isa = PBXFileReference; lastKnownFileType = file.storyboard; name = Base; path = Base.lproj/Main.storyboard; sourceTree = "<group>"; };
		AC20014B1EFC5B330069C10C /* Assets.xcassets */ = {isa = PBXFileReference; lastKnownFileType = folder.assetcatalog; path = Assets.xcassets; sourceTree = "<group>"; };
		AC20014E1EFC5B330069C10C /* Base */ = {isa = PBXFileReference; lastKnownFileType = file.storyboard; name = Base; path = Base.lproj/LaunchScreen.storyboard; sourceTree = "<group>"; };
		AC2001501EFC5B330069C10C /* Info.plist */ = {isa = PBXFileReference; lastKnownFileType = text.plist.xml; path = Info.plist; sourceTree = "<group>"; };
		AC2001551EFC5B330069C10C /* DestroyTheWorldxTests.xctest */ = {isa = PBXFileReference; explicitFileType = wrapper.cfbundle; includeInIndex = 0; path = DestroyTheWorldxTests.xctest; sourceTree = BUILT_PRODUCTS_DIR; };
		AC2001591EFC5B330069C10C /* DestroyTheWorldxTests.m */ = {isa = PBXFileReference; lastKnownFileType = sourcecode.c.objc; path = DestroyTheWorldxTests.m; sourceTree = "<group>"; };
		AC20015B1EFC5B330069C10C /* Info.plist */ = {isa = PBXFileReference; lastKnownFileType = text.plist.xml; path = Info.plist; sourceTree = "<group>"; };
		AC2001601EFC5B330069C10C /* DestroyTheWorldxUITests.xctest */ = {isa = PBXFileReference; explicitFileType = wrapper.cfbundle; includeInIndex = 0; path = DestroyTheWorldxUITests.xctest; sourceTree = BUILT_PRODUCTS_DIR; };
		AC2001641EFC5B330069C10C /* DestroyTheWorldxUITests.m */ = {isa = PBXFileReference; lastKnownFileType = sourcecode.c.objc; path = DestroyTheWorldxUITests.m; sourceTree = "<group>"; };
		AC2001661EFC5B330069C10C /* Info.plist */ = {isa = PBXFileReference; lastKnownFileType = text.plist.xml; path = Info.plist; sourceTree = "<group>"; };
/* End PBXFileReference section */

/* Begin PBXFrameworksBuildPhase section */
		AC2001391EFC5B330069C10C /* Frameworks */ = {
			isa = PBXFrameworksBuildPhase;
			buildActionMask = 2147483647;
			files = (
			);
			runOnlyForDeploymentPostprocessing = 0;
		};
		AC2001521EFC5B330069C10C /* Frameworks */ = {
			isa = PBXFrameworksBuildPhase;
			buildActionMask = 2147483647;
			files = (
			);
			runOnlyForDeploymentPostprocessing = 0;
		};
		AC20015D1EFC5B330069C10C /* Frameworks */ = {
			isa = PBXFrameworksBuildPhase;
			buildActionMask = 2147483647;
			files = (
			);
			runOnlyForDeploymentPostprocessing = 0;
		};
/* End PBXFrameworksBuildPhase section */

/* Begin PBXGroup section */
		AC2001331EFC5B330069C10C = {
			isa = PBXGroup;
			children = (
				AC20013E1EFC5B330069C10C /* DestroyTheWorldx */,
				AC2001581EFC5B330069C10C /* DestroyTheWorldxTests */,
				AC2001631EFC5B330069C10C /* DestroyTheWorldxUITests */,
				AC20013D1EFC5B330069C10C /* Products */,
			);
			sourceTree = "<group>";
		};
		AC20013D1EFC5B330069C10C /* Products */ = {
			isa = PBXGroup;
			children = (
				AC20013C1EFC5B330069C10C /* DestroyTheWorldx.app */,
				AC2001551EFC5B330069C10C /* DestroyTheWorldxTests.xctest */,
				AC2001601EFC5B330069C10C /* DestroyTheWorldxUITests.xctest */,
			);
			name = Products;
			sourceTree = "<group>";
		};
		AC20013E1EFC5B330069C10C /* DestroyTheWorldx */ = {
			isa = PBXGroup;
			children = (
				AC2001421EFC5B330069C10C /* AppDelegate.h */,
				AC2001431EFC5B330069C10C /* AppDelegate.m */,
				AC2001451EFC5B330069C10C /* ViewController.h */,
				AC2001461EFC5B330069C10C /* ViewController.m */,
				AC2001481EFC5B330069C10C /* Main.storyboard */,
				AC20014B1EFC5B330069C10C /* Assets.xcassets */,
				AC20014D1EFC5B330069C10C /* LaunchScreen.storyboard */,
				AC2001501EFC5B330069C10C /* Info.plist */,
				AC20013F1EFC5B330069C10C /* Supporting Files */,
			);
			path = DestroyTheWorldx;
			sourceTree = "<group>";
		};
		AC20013F1EFC5B330069C10C /* Supporting Files */ = {
			isa = PBXGroup;
			children = (
				AC2001401EFC5B330069C10C /* main.m */,
			);
			name = "Supporting Files";
			sourceTree = "<group>";
		};
		AC2001581EFC5B330069C10C /* DestroyTheWorldxTests */ = {
			isa = PBXGroup;
			children = (
				AC2001591EFC5B330069C10C /* DestroyTheWorldxTests.m */,
				AC20015B1EFC5B330069C10C /* Info.plist */,
			);
			path = DestroyTheWorldxTests;
			sourceTree = "<group>";
		};
		AC2001631EFC5B330069C10C /* DestroyTheWorldxUITests */ = {
			isa = PBXGroup;
			children = (
				AC2001641EFC5B330069C10C /* DestroyTheWorldxUITests.m */,
				AC2001661EFC5B330069C10C /* Info.plist */,
			);
			path = DestroyTheWorldxUITests;
			sourceTree = "<group>";
		};
/* End PBXGroup section */

/* Begin PBXNativeTarget section */
		AC20013B1EFC5B330069C10C /* DestroyTheWorldx */ = {
			isa = PBXNativeTarget;
			buildConfigurationList = AC2001691EFC5B330069C10C /* Build configuration list for PBXNativeTarget "DestroyTheWorldx" */;
			buildPhases = (
				AC2001381EFC5B330069C10C /* Sources */,
				AC2001391EFC5B330069C10C /* Frameworks */,
				AC20013A1EFC5B330069C10C /* Resources */,
			);
			buildRules = (
			);
			dependencies = (
			);
			name = DestroyTheWorldx;
			productName = DestroyTheWorldx;
			productReference = AC20013C1EFC5B330069C10C /* DestroyTheWorldx.app */;
			productType = "com.apple.product-type.application";
		};
		AC2001541EFC5B330069C10C /* DestroyTheWorldxTests */ = {
			isa = PBXNativeTarget;
			buildConfigurationList = AC20016C1EFC5B330069C10C /* Build configuration list for PBXNativeTarget "DestroyTheWorldxTests" */;
			buildPhases = (
				AC2001511EFC5B330069C10C /* Sources */,
				AC2001521EFC5B330069C10C /* Frameworks */,
				AC2001531EFC5B330069C10C /* Resources */,
			);
			buildRules = (
			);
			dependencies = (
				AC2001571EFC5B330069C10C /* PBXTargetDependency */,
			);
			name = DestroyTheWorldxTests;
			productName = DestroyTheWorldxTests;
			productReference = AC2001551EFC5B330069C10C /* DestroyTheWorldxTests.xctest */;
			productType = "com.apple.product-type.bundle.unit-test";
		};
		AC20015F1EFC5B330069C10C /* DestroyTheWorldxUITests */ = {
			isa = PBXNativeTarget;
			buildConfigurationList = AC20016F1EFC5B330069C10C /* Build configuration list for PBXNativeTarget "DestroyTheWorldxUITests" */;
			buildPhases = (
				AC20015C1EFC5B330069C10C /* Sources */,
				AC20015D1EFC5B330069C10C /* Frameworks */,
				AC20015E1EFC5B330069C10C /* Resources */,
			);
			buildRules = (
			);
			dependencies = (
				AC2001621EFC5B330069C10C /* PBXTargetDependency */,
			);
			name = DestroyTheWorldxUITests;
			productName = DestroyTheWorldxUITests;
			productReference = AC2001601EFC5B330069C10C /* DestroyTheWorldxUITests.xctest */;
			productType = "com.apple.product-type.bundle.ui-testing";
		};
/* End PBXNativeTarget section */

/* Begin PBXProject section */
		AC2001341EFC5B330069C10C /* Project object */ = {
			isa = PBXProject;
			attributes = {
				LastUpgradeCheck = 0710;
				ORGANIZATIONNAME = Vikram;
				TargetAttributes = {
					AC20013B1EFC5B330069C10C = {
						CreatedOnToolsVersion = 7.1;
					};
					AC2001541EFC5B330069C10C = {
						CreatedOnToolsVersion = 7.1;
						TestTargetID = AC20013B1EFC5B330069C10C;
					};
					AC20015F1EFC5B330069C10C = {
						CreatedOnToolsVersion = 7.1;
						TestTargetID = AC20013B1EFC5B330069C10C;
					};
				};
			};
			buildConfigurationList = AC2001371EFC5B330069C10C /* Build configuration list for PBXProject "DestroyTheWorldx" */;
			compatibilityVersion = "Xcode 3.2";
			developmentRegion = English;
			hasScannedForEncodings = 0;
			knownRegions = (
				en,
				Base,
			);
			mainGroup = AC2001331EFC5B330069C10C;
			productRefGroup = AC20013D1EFC5B330069C10C /* Products */;
			projectDirPath = "";
			projectRoot = "";
			targets = (
				AC20013B1EFC5B330069C10C /* DestroyTheWorldx */,
				AC2001541EFC5B330069C10C /* DestroyTheWorldxTests */,
				AC20015F1EFC5B330069C10C /* DestroyTheWorldxUITests */,
			);
		};
/* End PBXProject section */

/* Begin PBXResourcesBuildPhase section */
		AC20013A1EFC5B330069C10C /* Resources */ = {
			isa = PBXResourcesBuildPhase;
			buildActionMask = 2147483647;
			files = (
				AC20014F1EFC5B330069C10C /* LaunchScreen.storyboard in Resources */,
				AC20014C1EFC5B330069C10C /* Assets.xcassets in Resources */,
				AC20014A1EFC5B330069C10C /* Main.storyboard in Resources */,
			);
			runOnlyForDeploymentPostprocessing = 0;
		};
		AC2001531EFC5B330069C10C /* Resources */ = {
			isa = PBXResourcesBuildPhase;
			buildActionMask = 2147483647;
			files = (
			);
			runOnlyForDeploymentPostprocessing = 0;
		};
		AC20015E1EFC5B330069C10C /* Resources */ = {
			isa = PBXResourcesBuildPhase;
			buildActionMask = 2147483647;
			files = (
			);
			runOnlyForDeploymentPostprocessing = 0;
		};
/* End PBXResourcesBuildPhase section */

/* Begin PBXSourcesBuildPhase section */
		AC2001381EFC5B330069C10C /* Sources */ = {
			isa = PBXSourcesBuildPhase;
			buildActionMask = 2147483647;
			files = (
				AC2001471EFC5B330069C10C /* ViewController.m in Sources */,
				AC2001441EFC5B330069C10C /* AppDelegate.m in Sources */,
				AC2001411EFC5B330069C10C /* main.m in Sources */,
			);
			runOnlyForDeploymentPostprocessing = 0;
		};
		AC2001511EFC5B330069C10C /* Sources */ = {
			isa = PBXSourcesBuildPhase;
			buildActionMask = 2147483647;
			files = (
				AC20015A1EFC5B330069C10C /* DestroyTheWorldxTests.m in Sources */,
			);
			runOnlyForDeploymentPostprocessing = 0;
		};
		AC20015C1EFC5B330069C10C /* Sources */ = {
			isa = PBXSourcesBuildPhase;
			buildActionMask = 2147483647;
			files = (
				AC2001651EFC5B330069C10C /* DestroyTheWorldxUITests.m in Sources */,
			);
			runOnlyForDeploymentPostprocessing = 0;
		};
/* End PBXSourcesBuildPhase section */

/* Begin PBXTargetDependency section */
		AC2001571EFC5B330069C10C /* PBXTargetDependency */ = {
			isa = PBXTargetDependency;
			target = AC20013B1EFC5B330069C10C /* DestroyTheWorldx */;
			targetProxy = AC2001561EFC5B330069C10C /* PBXContainerItemProxy */;
		};
		AC2001621EFC5B330069C10C /* PBXTargetDependency */ = {
			isa = PBXTargetDependency;
			target = AC20013B1EFC5B330069C10C /* DestroyTheWorldx */;
			targetProxy = AC2001611EFC5B330069C10C /* PBXContainerItemProxy */;
		};
/* End PBXTargetDependency section */

/* Begin PBXVariantGroup section */
		AC2001481EFC5B330069C10C /* Main.storyboard */ = {
			isa = PBXVariantGroup;
			children = (
				AC2001491EFC5B330069C10C /* Base */,
			);
			name = Main.storyboard;
			sourceTree = "<group>";
		};
		AC20014D1EFC5B330069C10C /* LaunchScreen.storyboard */ = {
			isa = PBXVariantGroup;
			children = (
				AC20014E1EFC5B330069C10C /* Base */,
			);
			name = LaunchScreen.storyboard;
			sourceTree = "<group>";
		};
/* End PBXVariantGroup section */

/* Begin XCBuildConfiguration section */
		AC2001671EFC5B330069C10C /* Debug */ = {
			isa = XCBuildConfiguration;
			buildSettings = {
				ALWAYS_SEARCH_USER_PATHS = NO;
				CLANG_CXX_LANGUAGE_STANDARD = "gnu++0x";
				CLANG_CXX_LIBRARY = "libc++";
				CLANG_ENABLE_MODULES = YES;
				CLANG_ENABLE_OBJC_ARC = YES;
				CLANG_WARN_BOOL_CONVERSION = YES;
				CLANG_WARN_CONSTANT_CONVERSION = YES;
				CLANG_WARN_DIRECT_OBJC_ISA_USAGE = YES_ERROR;
				CLANG_WARN_EMPTY_BODY = YES;
				CLANG_WARN_ENUM_CONVERSION = YES;
				CLANG_WARN_INT_CONVERSION = YES;
				CLANG_WARN_OBJC_ROOT_CLASS = YES_ERROR;
				CLANG_WARN_UNREACHABLE_CODE = YES;
				CLANG_WARN__DUPLICATE_METHOD_MATCH = YES;
				"CODE_SIGN_IDENTITY[sdk=iphoneos*]" = "iPhone Developer";
				COPY_PHASE_STRIP = NO;
				DEBUG_INFORMATION_FORMAT = dwarf;
				ENABLE_STRICT_OBJC_MSGSEND = YES;
				ENABLE_TESTABILITY = YES;
				GCC_C_LANGUAGE_STANDARD = gnu99;
				GCC_DYNAMIC_NO_PIC = NO;
				GCC_NO_COMMON_BLOCKS = YES;
				GCC_OPTIMIZATION_LEVEL = 0;
				GCC_PREPROCESSOR_DEFINITIONS = (
					"DEBUG=1",
					"$(inherited)",
				);
				GCC_WARN_64_TO_32_BIT_CONVERSION = YES;
				GCC_WARN_ABOUT_RETURN_TYPE = YES_ERROR;
				GCC_WARN_UNDECLARED_SELECTOR = YES;
				GCC_WARN_UNINITIALIZED_AUTOS = YES_AGGRESSIVE;
				GCC_WARN_UNUSED_FUNCTION = YES;
				GCC_WARN_UNUSED_VARIABLE = YES;
				IPHONEOS_DEPLOYMENT_TARGET = 9.1;
				MTL_ENABLE_DEBUG_INFO = YES;
				ONLY_ACTIVE_ARCH = YES;
				SDKROOT = iphoneos;
				TARGETED_DEVICE_FAMILY = "1,2";
			};
			name = Debug;
		};
		AC2001681EFC5B330069C10C /* Release */ = {
			isa = XCBuildConfiguration;
			buildSettings = {
				ALWAYS_SEARCH_USER_PATHS = NO;
				CLANG_CXX_LANGUAGE_STANDARD = "gnu++0x";
				CLANG_CXX_LIBRARY = "libc++";
				CLANG_ENABLE_MODULES = YES;
				CLANG_ENABLE_OBJC_ARC = YES;
				CLANG_WARN_BOOL_CONVERSION = YES;
				CLANG_WARN_CONSTANT_CONVERSION = YES;
				CLANG_WARN_DIRECT_OBJC_ISA_USAGE = YES_ERROR;
				CLANG_WARN_EMPTY_BODY = YES;
				CLANG_WARN_ENUM_CONVERSION = YES;
				CLANG_WARN_INT_CONVERSION = YES;
				CLANG_WARN_OBJC_ROOT_CLASS = YES_ERROR;
				CLANG_WARN_UNREACHABLE_CODE = YES;
				CLANG_WARN__DUPLICATE_METHOD_MATCH = YES;
				"CODE_SIGN_IDENTITY[sdk=iphoneos*]" = "iPhone Developer";
				COPY_PHASE_STRIP = NO;
				DEBUG_INFORMATION_FORMAT = "dwarf-with-dsym";
				ENABLE_NS_ASSERTIONS = NO;
				ENABLE_STRICT_OBJC_MSGSEND = YES;
				GCC_C_LANGUAGE_STANDARD = gnu99;
				GCC_NO_COMMON_BLOCKS = YES;
				GCC_WARN_64_TO_32_BIT_CONVERSION = YES;
				GCC_WARN_ABOUT_RETURN_TYPE = YES_ERROR;
				GCC_WARN_UNDECLARED_SELECTOR = YES;
				GCC_WARN_UNINITIALIZED_AUTOS = YES_AGGRESSIVE;
				GCC_WARN_UNUSED_FUNCTION = YES;
				GCC_WARN_UNUSED_VARIABLE = YES;
				IPHONEOS_DEPLOYMENT_TARGET = 9.1;
				MTL_ENABLE_DEBUG_INFO = NO;
				SDKROOT = iphoneos;
				TARGETED_DEVICE_FAMILY = "1,2";
				VALIDATE_PRODUCT = YES;
			};
			name = Release;
		};
		AC20016A1EFC5B330069C10C /* Debug */ = {
			isa = XCBuildConfiguration;
			buildSettings = {
				ASSETCATALOG_COMPILER_APPICON_NAME = AppIcon;
				INFOPLIST_FILE = DestroyTheWorldx/Info.plist;
				LD_RUNPATH_SEARCH_PATHS = "$(inherited) @executable_path/Frameworks";
				PRODUCT_BUNDLE_IDENTIFIER = ani.DestroyTheWorldx;
				PRODUCT_NAME = "$(TARGET_NAME)";
			};
			name = Debug;
		};
		AC20016B1EFC5B330069C10C /* Release */ = {
			isa = XCBuildConfiguration;
			buildSettings = {
				ASSETCATALOG_COMPILER_APPICON_NAME = AppIcon;
				INFOPLIST_FILE = DestroyTheWorldx/Info.plist;
				LD_RUNPATH_SEARCH_PATHS = "$(inherited) @executable_path/Frameworks";
				PRODUCT_BUNDLE_IDENTIFIER = ani.DestroyTheWorldx;
				PRODUCT_NAME = "$(TARGET_NAME)";
			};
			name = Release;
		};
		AC20016D1EFC5B330069C10C /* Debug */ = {
			isa = XCBuildConfiguration;
			buildSettings = {
				BUNDLE_LOADER = "$(TEST_HOST)";
				INFOPLIST_FILE = DestroyTheWorldxTests/Info.plist;
				LD_RUNPATH_SEARCH_PATHS = "$(inherited) @executable_path/Frameworks @loader_path/Frameworks";
				PRODUCT_BUNDLE_IDENTIFIER = ani.DestroyTheWorldxTests;
				PRODUCT_NAME = "$(TARGET_NAME)";
				TEST_HOST = "$(BUILT_PRODUCTS_DIR)/DestroyTheWorldx.app/DestroyTheWorldx";
			};
			name = Debug;
		};
		AC20016E1EFC5B330069C10C /* Release */ = {
			isa = XCBuildConfiguration;
			buildSettings = {
				BUNDLE_LOADER = "$(TEST_HOST)";
				INFOPLIST_FILE = DestroyTheWorldxTests/Info.plist;
				LD_RUNPATH_SEARCH_PATHS = "$(inherited) @executable_path/Frameworks @loader_path/Frameworks";
				PRODUCT_BUNDLE_IDENTIFIER = ani.DestroyTheWorldxTests;
				PRODUCT_NAME = "$(TARGET_NAME)";
				TEST_HOST = "$(BUILT_PRODUCTS_DIR)/DestroyTheWorldx.app/DestroyTheWorldx";
			};
			name = Release;
		};
		AC2001701EFC5B330069C10C /* Debug */ = {
			isa = XCBuildConfiguration;
			buildSettings = {
				INFOPLIST_FILE = DestroyTheWorldxUITests/Info.plist;
				LD_RUNPATH_SEARCH_PATHS = "$(inherited) @executable_path/Frameworks @loader_path/Frameworks";
				PRODUCT_BUNDLE_IDENTIFIER = ani.DestroyTheWorldxUITests;
				PRODUCT_NAME = "$(TARGET_NAME)";
				TEST_TARGET_NAME = DestroyTheWorldx;
				USES_XCTRUNNER = YES;
			};
			name = Debug;
		};
		AC2001711EFC5B330069C10C /* Release */ = {
			isa = XCBuildConfiguration;
			buildSettings = {
				INFOPLIST_FILE = DestroyTheWorldxUITests/Info.plist;
				LD_RUNPATH_SEARCH_PATHS = "$(inherited) @executable_path/Frameworks @loader_path/Frameworks";
				PRODUCT_BUNDLE_IDENTIFIER = ani.DestroyTheWorldxUITests;
				PRODUCT_NAME = "$(TARGET_NAME)";
				TEST_TARGET_NAME = DestroyTheWorldx;
				USES_XCTRUNNER = YES;
			};
			name = Release;
		};
/* End XCBuildConfiguration section */

/* Begin XCConfigurationList section */
		AC2001371EFC5B330069C10C /* Build configuration list for PBXProject "DestroyTheWorldx" */ = {
			isa = XCConfigurationList;
			buildConfigurations = (
				AC2001671EFC5B330069C10C /* Debug */,
				AC2001681EFC5B330069C10C /* Release */,
			);
			defaultConfigurationIsVisible = 0;
			defaultConfigurationName = Release;
		};
		AC2001691EFC5B330069C10C /* Build configuration list for PBXNativeTarget "DestroyTheWorldx" */ = {
			isa = XCConfigurationList;
			buildConfigurations = (
				AC20016A1EFC5B330069C10C /* Debug */,
				AC20016B1EFC5B330069C10C /* Release */,
			);
			defaultConfigurationIsVisible = 0;
		};
		AC20016C1EFC5B330069C10C /* Build configuration list for PBXNativeTarget "DestroyTheWorldxTests" */ = {
			isa = XCConfigurationList;
			buildConfigurations = (
				AC20016D1EFC5B330069C10C /* Debug */,
				AC20016E1EFC5B330069C10C /* Release */,
			);
			defaultConfigurationIsVisible = 0;
		};
		AC20016F1EFC5B330069C10C /* Build configuration list for PBXNativeTarget "DestroyTheWorldxUITests" */ = {
			isa = XCConfigurationList;
			buildConfigurations = (
				AC2001701EFC5B330069C10C /* Debug */,
				AC2001711EFC5B330069C10C /* Release */,
			);
			defaultConfigurationIsVisible = 0;
		};
/* End XCConfigurationList section */
	};
	rootObject = AC2001341EFC5B330069C10C /* Project object */;
}
